
Microsoft Visual Studio Solution File, Format Version 12.00
# Visual Studio Version 17
VisualStudioVersion = 17.3.32929.385
MinimumVisualStudioVersion = 10.0.40219.1
Project("{FAE04EC0-301F-11D3-BF4B-00C04F79EFBC}") = "JobSpot.Android", "JobSpot.Android\JobSpot.Android.csproj", "{0FD9CEAC-5E25-4718-8F5E-FD5AFD47148F}"
EndProject
Project("{FAE04EC0-301F-11D3-BF4B-00C04F79EFBC}") = "JobSpot", "JobSpot\JobSpot.csproj", "{A094BC00-C4E0-4694-80DF-EBB881E3FDA9}"
EndProject
Global
	GlobalSection(SolutionConfigurationPlatforms) = preSolution
		Debug|Any CPU = Debug|Any CPU
		Release|Any CPU = Release|Any CPU
	EndGlobalSection
	GlobalSection(ProjectConfigurationPlatforms) = postSolution
		{0FD9CEAC-5E25-4718-8F5E-FD5AFD47148F}.Debug|Any CPU.ActiveCfg = Debug|Any CPU
		{0FD9CEAC-5E25-4718-8F5E-FD5AFD47148F}.Debug|Any CPU.Build.0 = Debug|Any CPU
		{0FD9CEAC-5E25-4718-8F5E-FD5AFD47148F}.Debug|Any CPU.Deploy.0 = Debug|Any CPU
		{0FD9CEAC-5E25-4718-8F5E-FD5AFD47148F}.Release|Any CPU.ActiveCfg = Release|Any CPU
		{0FD9CEAC-5E25-4718-8F5E-FD5AFD47148F}.Release|Any CPU.Build.0 = Release|Any CPU
		{0FD9CEAC-5E25-4718-8F5E-FD5AFD47148F}.Release|Any CPU.Deploy.0 = Release|Any CPU
		{A094BC00-C4E0-4694-80DF-EBB881E3FDA9}.Debug|Any CPU.ActiveCfg = Debug|Any CPU
		{A094BC00-C4E0-4694-80DF-EBB881E3FDA9}.Debug|Any CPU.Build.0 = Debug|Any CPU
		{A094BC00-C4E0-4694-80DF-EBB881E3FDA9}.Debug|Any CPU.Deploy.0 = Debug|Any CPU
		{A094BC00-C4E0-4694-80DF-EBB881E3FDA9}.Release|Any CPU.ActiveCfg = Release|Any CPU
		{A094BC00-C4E0-4694-80DF-EBB881E3FDA9}.Release|Any CPU.Build.0 = Release|Any CPU
		{A094BC00-C4E0-4694-80DF-EBB881E3FDA9}.Release|Any CPU.Deploy.0 = Release|Any CPU
	EndGlobalSection
	GlobalSection(SolutionProperties) = preSolution
		HideSolutionNode = FALSE
	EndGlobalSection
	GlobalSection(ExtensibilityGlobals) = postSolution
		SolutionGuid = {A07E1C6F-7E05-4A7F-8E33-249D980AF455}
	EndGlobalSection
EndGlobal
